{
  "originHash" : "563a08d5182b18d053878448343d455a7d261bb1e8291a5e78c01c0197a82696",
  "pins" : [
    {
      "identity" : "keyboardshortcuts",
      "kind" : "remoteSourceControl",
      "location" : "https://github.com/sindresorhus/KeyboardShortcuts",
      "state" : {
        "revision" : "49c3fc04ea827f816df67843bfcc57286b47ff06",
        "version" : "3.0.1"
      }
    },
    {
      "identity" : "swift-toml",
      "kind" : "remoteSourceControl",
      "location" : "https://github.com/mattt/swift-toml.git",
      "state" : {
        "revision" : "827506c90475e82d5a7f191f950fb3025cbdc0d6",
        "version" : "2.0.0"
      }
    }
  ],
  "version" : 3
}
